{
    "version": 3,
    "terraform_version": "0.11.13",
    "serial": 3,
    "lineage": "373b8c8e-ae15-66be-a61d-4cae25b7d327",
    "modules": [
        {
            "path": [
                "root"
            ],
            "outputs": {},
            "resources": {
                "random_id.tf_bucket_id": {
                    "type": "random_id",
                    "depends_on": [],
                    "primary": {
                        "id": "LdE",
                        "attributes": {
                            "b64": "LdE",
                            "b64_std": "LdE=",
                            "b64_url": "LdE",
                            "byte_length": "2",
                            "dec": "11729",
                            "hex": "2dd1",
                            "id": "LdE"
                        },
                        "meta": {},
                        "tainted": false
                    },
                    "deposed": [],
                    "provider": "provider.random"
                }
            },
            "depends_on": []
        }
    ]
}
